
Microsoft Visual Studio Solution File, Format Version 12.00
# Visual Studio 15
VisualStudioVersion = 15.0.28010.2016
MinimumVisualStudioVersion = 10.0.40219.1
Project("{FAE04EC0-301F-11D3-BF4B-00C04F79EFBC}") = "CustomTabbedPageDemo.Android", "CustomTabbedPageDemo\CustomTabbedPageDemo.Android\CustomTabbedPageDemo.Android.csproj", "{5AEA3ABB-0646-4BEC-A597-F3CECF1B8840}"
EndProject
Project("{FAE04EC0-301F-11D3-BF4B-00C04F79EFBC}") = "CustomTabbedPageDemo.iOS", "CustomTabbedPageDemo\CustomTabbedPageDemo.iOS\CustomTabbedPageDemo.iOS.csproj", "{D001CE53-DC08-40C3-8248-7D9BF6E48982}"
EndProject
Project("{FAE04EC0-301F-11D3-BF4B-00C04F79EFBC}") = "CustomTabbedPageDemo.UWP", "CustomTabbedPageDemo\CustomTabbedPageDemo.UWP\CustomTabbedPageDemo.UWP.csproj", "{D508AA6D-8E7A-4387-9087-8A3E871BB92A}"
EndProject
Project("{FAE04EC0-301F-11D3-BF4B-00C04F79EFBC}") = "CustomTabbedPageDemo", "CustomTabbedPageDemo\CustomTabbedPageDemo\CustomTabbedPageDemo.csproj", "{B3C65E7C-4365-454F-B67F-40A06F8D6093}"
EndProject
Global
	GlobalSection(SolutionConfigurationPlatforms) = preSolution
		Ad-Hoc|Any CPU = Ad-Hoc|Any CPU
		Ad-Hoc|ARM = Ad-Hoc|ARM
		Ad-Hoc|iPhone = Ad-Hoc|iPhone
		Ad-Hoc|iPhoneSimulator = Ad-Hoc|iPhoneSimulator
		Ad-Hoc|x64 = Ad-Hoc|x64
		Ad-Hoc|x86 = Ad-Hoc|x86
		AppStore|Any CPU = AppStore|Any CPU
		AppStore|ARM = AppStore|ARM
		AppStore|iPhone = AppStore|iPhone
		AppStore|iPhoneSimulator = AppStore|iPhoneSimulator
		AppStore|x64 = AppStore|x64
		AppStore|x86 = AppStore|x86
		Debug|Any CPU = Debug|Any CPU
		Debug|ARM = Debug|ARM
		Debug|iPhone = Debug|iPhone
		Debug|iPhoneSimulator = Debug|iPhoneSimulator
		Debug|x64 = Debug|x64
		Debug|x86 = Debug|x86
		Release|Any CPU = Release|Any CPU
		Release|ARM = Release|ARM
		Release|iPhone = Release|iPhone
		Release|iPhoneSimulator = Release|iPhoneSimulator
		Release|x64 = Release|x64
		Release|x86 = Release|x86
	EndGlobalSection
	GlobalSection(ProjectConfigurationPlatforms) = postSolution
		{5AEA3ABB-0646-4BEC-A597-F3CECF1B8840}.Ad-Hoc|Any CPU.ActiveCfg = Release|Any CPU
		{5AEA3ABB-0646-4BEC-A597-F3CECF1B8840}.Ad-Hoc|Any CPU.Build.0 = Release|Any CPU
		{5AEA3ABB-0646-4BEC-A597-F3CECF1B8840}.Ad-Hoc|Any CPU.Deploy.0 = Release|Any CPU
		{5AEA3ABB-0646-4BEC-A597-F3CECF1B8840}.Ad-Hoc|ARM.ActiveCfg = Release|Any CPU
		{5AEA3ABB-0646-4BEC-A597-F3CECF1B8840}.Ad-Hoc|ARM.Build.0 = Release|Any CPU
		{5AEA3ABB-0646-4BEC-A597-F3CECF1B8840}.Ad-Hoc|ARM.Deploy.0 = Release|Any CPU
		{5AEA3ABB-0646-4BEC-A597-F3CECF1B8840}.Ad-Hoc|iPhone.ActiveCfg = Release|Any CPU
		{5AEA3ABB-0646-4BEC-A597-F3CECF1B8840}.Ad-Hoc|iPhone.Build.0 = Release|Any CPU
		{5AEA3ABB-0646-4BEC-A597-F3CECF1B8840}.Ad-Hoc|iPhone.Deploy.0 = Release|Any CPU
		{5AEA3ABB-0646-4BEC-A597-F3CECF1B8840}.Ad-Hoc|iPhoneSimulator.ActiveCfg = Release|Any CPU
		{5AEA3ABB-0646-4BEC-A597-F3CECF1B8840}.Ad-Hoc|iPhoneSimulator.Build.0 = Release|Any CPU
		{5AEA3ABB-0646-4BEC-A597-F3CECF1B8840}.Ad-Hoc|iPhoneSimulator.Deploy.0 = Release|Any CPU
		{5AEA3ABB-0646-4BEC-A597-F3CECF1B8840}.Ad-Hoc|x64.ActiveCfg = Release|Any CPU
		{5AEA3ABB-0646-4BEC-A597-F3CECF1B8840}.Ad-Hoc|x64.Build.0 = Release|Any CPU
		{5AEA3ABB-0646-4BEC-A597-F3CECF1B8840}.Ad-Hoc|x64.Deploy.0 = Release|Any CPU
		{5AEA3ABB-0646-4BEC-A597-F3CECF1B8840}.Ad-Hoc|x86.ActiveCfg = Release|Any CPU
		{5AEA3ABB-0646-4BEC-A597-F3CECF1B8840}.Ad-Hoc|x86.Build.0 = Release|Any CPU
		{5AEA3ABB-0646-4BEC-A597-F3CECF1B8840}.Ad-Hoc|x86.Deploy.0 = Release|Any CPU
		{5AEA3ABB-0646-4BEC-A597-F3CECF1B8840}.AppStore|Any CPU.ActiveCfg = Release|Any CPU
		{5AEA3ABB-0646-4BEC-A597-F3CECF1B8840}.AppStore|Any CPU.Build.0 = Release|Any CPU
		{5AEA3ABB-0646-4BEC-A597-F3CECF1B8840}.AppStore|Any CPU.Deploy.0 = Release|Any CPU
		{5AEA3ABB-0646-4BEC-A597-F3CECF1B8840}.AppStore|ARM.ActiveCfg = Release|Any CPU
		{5AEA3ABB-0646-4BEC-A597-F3CECF1B8840}.AppStore|ARM.Build.0 = Release|Any CPU
		{5AEA3ABB-0646-4BEC-A597-F3CECF1B8840}.AppStore|ARM.Deploy.0 = Release|Any CPU
		{5AEA3ABB-0646-4BEC-A597-F3CECF1B8840}.AppStore|iPhone.ActiveCfg = Release|Any CPU
		{5AEA3ABB-0646-4BEC-A597-F3CECF1B8840}.AppStore|iPhone.Build.0 = Release|Any CPU
		{5AEA3ABB-0646-4BEC-A597-F3CECF1B8840}.AppStore|iPhone.Deploy.0 = Release|Any CPU
		{5AEA3ABB-0646-4BEC-A597-F3CECF1B8840}.AppStore|iPhoneSimulator.ActiveCfg = Release|Any CPU
		{5AEA3ABB-0646-4BEC-A597-F3CECF1B8840}.AppStore|iPhoneSimulator.Build.0 = Release|Any CPU
		{5AEA3ABB-0646-4BEC-A597-F3CECF1B8840}.AppStore|iPhoneSimulator.Deploy.0 = Release|Any CPU
		{5AEA3ABB-0646-4BEC-A597-F3CECF1B8840}.AppStore|x64.ActiveCfg = Release|Any CPU
		{5AEA3ABB-0646-4BEC-A597-F3CECF1B8840}.AppStore|x64.Build.0 = Release|Any CPU
		{5AEA3ABB-0646-4BEC-A597-F3CECF1B8840}.AppStore|x64.Deploy.0 = Release|Any CPU
		{5AEA3ABB-0646-4BEC-A597-F3CECF1B8840}.AppStore|x86.ActiveCfg = Release|Any CPU
		{5AEA3ABB-0646-4BEC-A597-F3CECF1B8840}.AppStore|x86.Build.0 = Release|Any CPU
		{5AEA3ABB-0646-4BEC-A597-F3CECF1B8840}.AppStore|x86.Deploy.0 = Release|Any CPU
		{5AEA3ABB-0646-4BEC-A597-F3CECF1B8840}.Debug|Any CPU.ActiveCfg = Debug|Any CPU
		{5AEA3ABB-0646-4BEC-A597-F3CECF1B8840}.Debug|Any CPU.Build.0 = Debug|Any CPU
		{5AEA3ABB-0646-4BEC-A597-F3CECF1B8840}.Debug|Any CPU.Deploy.0 = Debug|Any CPU
		{5AEA3ABB-0646-4BEC-A597-F3CECF1B8840}.Debug|ARM.ActiveCfg = Debug|Any CPU
		{5AEA3ABB-0646-4BEC-A597-F3CECF1B8840}.Debug|ARM.Build.0 = Debug|Any CPU
		{5AEA3ABB-0646-4BEC-A597-F3CECF1B8840}.Debug|ARM.Deploy.0 = Debug|Any CPU
		{5AEA3ABB-0646-4BEC-A597-F3CECF1B8840}.Debug|iPhone.ActiveCfg = Debug|Any CPU
		{5AEA3ABB-0646-4BEC-A597-F3CECF1B8840}.Debug|iPhone.Build.0 = Debug|Any CPU
		{5AEA3ABB-0646-4BEC-A597-F3CECF1B8840}.Debug|iPhone.Deploy.0 = Debug|Any CPU
		{5AEA3ABB-0646-4BEC-A597-F3CECF1B8840}.Debug|iPhoneSimulator.ActiveCfg = Debug|Any CPU
		{5AEA3ABB-0646-4BEC-A597-F3CECF1B8840}.Debug|iPhoneSimulator.Build.0 = Debug|Any CPU
		{5AEA3ABB-0646-4BEC-A597-F3CECF1B8840}.Debug|iPhoneSimulator.Deploy.0 = Debug|Any CPU
		{5AEA3ABB-0646-4BEC-A597-F3CECF1B8840}.Debug|x64.ActiveCfg = Debug|Any CPU
		{5AEA3ABB-0646-4BEC-A597-F3CECF1B8840}.Debug|x64.Build.0 = Debug|Any CPU
		{5AEA3ABB-0646-4BEC-A597-F3CECF1B8840}.Debug|x64.Deploy.0 = Debug|Any CPU
		{5AEA3ABB-0646-4BEC-A597-F3CECF1B8840}.Debug|x86.ActiveCfg = Debug|Any CPU
		{5AEA3ABB-0646-4BEC-A597-F3CECF1B8840}.Debug|x86.Build.0 = Debug|Any CPU
		{5AEA3ABB-0646-4BEC-A597-F3CECF1B8840}.Debug|x86.Deploy.0 = Debug|Any CPU
		{5AEA3ABB-0646-4BEC-A597-F3CECF1B8840}.Release|Any CPU.ActiveCfg = Release|Any CPU
		{5AEA3ABB-0646-4BEC-A597-F3CECF1B8840}.Release|Any CPU.Build.0 = Release|Any CPU
		{5AEA3ABB-0646-4BEC-A597-F3CECF1B8840}.Release|Any CPU.Deploy.0 = Release|Any CPU
		{5AEA3ABB-0646-4BEC-A597-F3CECF1B8840}.Release|ARM.ActiveCfg = Release|Any CPU
		{5AEA3ABB-0646-4BEC-A597-F3CECF1B8840}.Release|ARM.Build.0 = Release|Any CPU
		{5AEA3ABB-0646-4BEC-A597-F3CECF1B8840}.Release|ARM.Deploy.0 = Release|Any CPU
		{5AEA3ABB-0646-4BEC-A597-F3CECF1B8840}.Release|iPhone.ActiveCfg = Release|Any CPU
		{5AEA3ABB-0646-4BEC-A597-F3CECF1B8840}.Release|iPhone.Build.0 = Release|Any CPU
		{5AEA3ABB-0646-4BEC-A597-F3CECF1B8840}.Release|iPhone.Deploy.0 = Release|Any CPU
		{5AEA3ABB-0646-4BEC-A597-F3CECF1B8840}.Release|iPhoneSimulator.ActiveCfg = Release|Any CPU
		{5AEA3ABB-0646-4BEC-A597-F3CECF1B8840}.Release|iPhoneSimulator.Build.0 = Release|Any CPU
		{5AEA3ABB-0646-4BEC-A597-F3CECF1B8840}.Release|iPhoneSimulator.Deploy.0 = Release|Any CPU
		{5AEA3ABB-0646-4BEC-A597-F3CECF1B8840}.Release|x64.ActiveCfg = Release|Any CPU
		{5AEA3ABB-0646-4BEC-A597-F3CECF1B8840}.Release|x64.Build.0 = Release|Any CPU
		{5AEA3ABB-0646-4BEC-A597-F3CECF1B8840}.Release|x64.Deploy.0 = Release|Any CPU
		{5AEA3ABB-0646-4BEC-A597-F3CECF1B8840}.Release|x86.ActiveCfg = Release|Any CPU
		{5AEA3ABB-0646-4BEC-A597-F3CECF1B8840}.Release|x86.Build.0 = Release|Any CPU
		{5AEA3ABB-0646-4BEC-A597-F3CECF1B8840}.Release|x86.Deploy.0 = Release|Any CPU
		{D001CE53-DC08-40C3-8248-7D9BF6E48982}.Ad-Hoc|Any CPU.ActiveCfg = Ad-Hoc|iPhone
		{D001CE53-DC08-40C3-8248-7D9BF6E48982}.Ad-Hoc|Any CPU.Build.0 = Ad-Hoc|iPhone
		{D001CE53-DC08-40C3-8248-7D9BF6E48982}.Ad-Hoc|Any CPU.Deploy.0 = Ad-Hoc|iPhone
		{D001CE53-DC08-40C3-8248-7D9BF6E48982}.Ad-Hoc|ARM.ActiveCfg = Ad-Hoc|iPhone
		{D001CE53-DC08-40C3-8248-7D9BF6E48982}.Ad-Hoc|ARM.Build.0 = Ad-Hoc|iPhone
		{D001CE53-DC08-40C3-8248-7D9BF6E48982}.Ad-Hoc|ARM.Deploy.0 = Ad-Hoc|iPhone
		{D001CE53-DC08-40C3-8248-7D9BF6E48982}.Ad-Hoc|iPhone.ActiveCfg = Ad-Hoc|iPhone
		{D001CE53-DC08-40C3-8248-7D9BF6E48982}.Ad-Hoc|iPhone.Build.0 = Ad-Hoc|iPhone
		{D001CE53-DC08-40C3-8248-7D9BF6E48982}.Ad-Hoc|iPhone.Deploy.0 = Ad-Hoc|iPhone
		{D001CE53-DC08-40C3-8248-7D9BF6E48982}.Ad-Hoc|iPhoneSimulator.ActiveCfg = Ad-Hoc|iPhoneSimulator
		{D001CE53-DC08-40C3-8248-7D9BF6E48982}.Ad-Hoc|iPhoneSimulator.Build.0 = Ad-Hoc|iPhoneSimulator
		{D001CE53-DC08-40C3-8248-7D9BF6E48982}.Ad-Hoc|iPhoneSimulator.Deploy.0 = Ad-Hoc|iPhoneSimulator
		{D001CE53-DC08-40C3-8248-7D9BF6E48982}.Ad-Hoc|x64.ActiveCfg = Ad-Hoc|iPhone
		{D001CE53-DC08-40C3-8248-7D9BF6E48982}.Ad-Hoc|x64.Build.0 = Ad-Hoc|iPhone
		{D001CE53-DC08-40C3-8248-7D9BF6E48982}.Ad-Hoc|x64.Deploy.0 = Ad-Hoc|iPhone
		{D001CE53-DC08-40C3-8248-7D9BF6E48982}.Ad-Hoc|x86.ActiveCfg = Ad-Hoc|iPhone
		{D001CE53-DC08-40C3-8248-7D9BF6E48982}.Ad-Hoc|x86.Build.0 = Ad-Hoc|iPhone
		{D001CE53-DC08-40C3-8248-7D9BF6E48982}.Ad-Hoc|x86.Deploy.0 = Ad-Hoc|iPhone
		{D001CE53-DC08-40C3-8248-7D9BF6E48982}.AppStore|Any CPU.ActiveCfg = AppStore|iPhone
		{D001CE53-DC08-40C3-8248-7D9BF6E48982}.AppStore|Any CPU.Build.0 = AppStore|iPhone
		{D001CE53-DC08-40C3-8248-7D9BF6E48982}.AppStore|Any CPU.Deploy.0 = AppStore|iPhone
		{D001CE53-DC08-40C3-8248-7D9BF6E48982}.AppStore|ARM.ActiveCfg = AppStore|iPhone
		{D001CE53-DC08-40C3-8248-7D9BF6E48982}.AppStore|ARM.Build.0 = AppStore|iPhone
		{D001CE53-DC08-40C3-8248-7D9BF6E48982}.AppStore|ARM.Deploy.0 = AppStore|iPhone
		{D001CE53-DC08-40C3-8248-7D9BF6E48982}.AppStore|iPhone.ActiveCfg = AppStore|iPhone
		{D001CE53-DC08-40C3-8248-7D9BF6E48982}.AppStore|iPhone.Build.0 = AppStore|iPhone
		{D001CE53-DC08-40C3-8248-7D9BF6E48982}.AppStore|iPhone.Deploy.0 = AppStore|iPhone
		{D001CE53-DC08-40C3-8248-7D9BF6E48982}.AppStore|iPhoneSimulator.ActiveCfg = AppStore|iPhoneSimulator
		{D001CE53-DC08-40C3-8248-7D9BF6E48982}.AppStore|iPhoneSimulator.Build.0 = AppStore|iPhoneSimulator
		{D001CE53-DC08-40C3-8248-7D9BF6E48982}.AppStore|iPhoneSimulator.Deploy.0 = AppStore|iPhoneSimulator
		{D001CE53-DC08-40C3-8248-7D9BF6E48982}.AppStore|x64.ActiveCfg = AppStore|iPhone
		{D001CE53-DC08-40C3-8248-7D9BF6E48982}.AppStore|x64.Build.0 = AppStore|iPhone
		{D001CE53-DC08-40C3-8248-7D9BF6E48982}.AppStore|x64.Deploy.0 = AppStore|iPhone
		{D001CE53-DC08-40C3-8248-7D9BF6E48982}.AppStore|x86.ActiveCfg = AppStore|iPhone
		{D001CE53-DC08-40C3-8248-7D9BF6E48982}.AppStore|x86.Build.0 = AppStore|iPhone
		{D001CE53-DC08-40C3-8248-7D9BF6E48982}.AppStore|x86.Deploy.0 = AppStore|iPhone
		{D001CE53-DC08-40C3-8248-7D9BF6E48982}.Debug|Any CPU.ActiveCfg = Debug|iPhoneSimulator
		{D001CE53-DC08-40C3-8248-7D9BF6E48982}.Debug|Any CPU.Build.0 = Debug|iPhoneSimulator
		{D001CE53-DC08-40C3-8248-7D9BF6E48982}.Debug|Any CPU.Deploy.0 = Debug|iPhoneSimulator
		{D001CE53-DC08-40C3-8248-7D9BF6E48982}.Debug|ARM.ActiveCfg = Debug|iPhone
		{D001CE53-DC08-40C3-8248-7D9BF6E48982}.Debug|ARM.Build.0 = Debug|iPhone
		{D001CE53-DC08-40C3-8248-7D9BF6E48982}.Debug|ARM.Deploy.0 = Debug|iPhone
		{D001CE53-DC08-40C3-8248-7D9BF6E48982}.Debug|iPhone.ActiveCfg = Debug|iPhone
		{D001CE53-DC08-40C3-8248-7D9BF6E48982}.Debug|iPhone.Build.0 = Debug|iPhone
		{D001CE53-DC08-40C3-8248-7D9BF6E48982}.Debug|iPhone.Deploy.0 = Debug|iPhone
		{D001CE53-DC08-40C3-8248-7D9BF6E48982}.Debug|iPhoneSimulator.ActiveCfg = Debug|iPhoneSimulator
		{D001CE53-DC08-40C3-8248-7D9BF6E48982}.Debug|iPhoneSimulator.Build.0 = Debug|iPhoneSimulator
		{D001CE53-DC08-40C3-8248-7D9BF6E48982}.Debug|iPhoneSimulator.Deploy.0 = Debug|iPhoneSimulator
		{D001CE53-DC08-40C3-8248-7D9BF6E48982}.Debug|x64.ActiveCfg = Debug|iPhone
		{D001CE53-DC08-40C3-8248-7D9BF6E48982}.Debug|x64.Build.0 = Debug|iPhone
		{D001CE53-DC08-40C3-8248-7D9BF6E48982}.Debug|x64.Deploy.0 = Debug|iPhone
		{D001CE53-DC08-40C3-8248-7D9BF6E48982}.Debug|x86.ActiveCfg = Debug|iPhone
		{D001CE53-DC08-40C3-8248-7D9BF6E48982}.Debug|x86.Build.0 = Debug|iPhone
		{D001CE53-DC08-40C3-8248-7D9BF6E48982}.Debug|x86.Deploy.0 = Debug|iPhone
		{D001CE53-DC08-40C3-8248-7D9BF6E48982}.Release|Any CPU.ActiveCfg = Release|iPhone
		{D001CE53-DC08-40C3-8248-7D9BF6E48982}.Release|Any CPU.Build.0 = Release|iPhone
		{D001CE53-DC08-40C3-8248-7D9BF6E48982}.Release|Any CPU.Deploy.0 = Release|iPhone
		{D001CE53-DC08-40C3-8248-7D9BF6E48982}.Release|ARM.ActiveCfg = Release|iPhone
		{D001CE53-DC08-40C3-8248-7D9BF6E48982}.Release|ARM.Build.0 = Release|iPhone
		{D001CE53-DC08-40C3-8248-7D9BF6E48982}.Release|ARM.Deploy.0 = Release|iPhone
		{D001CE53-DC08-40C3-8248-7D9BF6E48982}.Release|iPhone.ActiveCfg = Release|iPhone
		{D001CE53-DC08-40C3-8248-7D9BF6E48982}.Release|iPhone.Build.0 = Release|iPhone
		{D001CE53-DC08-40C3-8248-7D9BF6E48982}.Release|iPhone.Deploy.0 = Release|iPhone
		{D001CE53-DC08-40C3-8248-7D9BF6E48982}.Release|iPhoneSimulator.ActiveCfg = Release|iPhoneSimulator
		{D001CE53-DC08-40C3-8248-7D9BF6E48982}.Release|iPhoneSimulator.Build.0 = Release|iPhoneSimulator
		{D001CE53-DC08-40C3-8248-7D9BF6E48982}.Release|iPhoneSimulator.Deploy.0 = Release|iPhoneSimulator
		{D001CE53-DC08-40C3-8248-7D9BF6E48982}.Release|x64.ActiveCfg = Release|iPhone
		{D001CE53-DC08-40C3-8248-7D9BF6E48982}.Release|x64.Build.0 = Release|iPhone
		{D001CE53-DC08-40C3-8248-7D9BF6E48982}.Release|x64.Deploy.0 = Release|iPhone
		{D001CE53-DC08-40C3-8248-7D9BF6E48982}.Release|x86.ActiveCfg = Release|iPhone
		{D001CE53-DC08-40C3-8248-7D9BF6E48982}.Release|x86.Build.0 = Release|iPhone
		{D001CE53-DC08-40C3-8248-7D9BF6E48982}.Release|x86.Deploy.0 = Release|iPhone
		{D508AA6D-8E7A-4387-9087-8A3E871BB92A}.Ad-Hoc|Any CPU.ActiveCfg = Release|x86
		{D508AA6D-8E7A-4387-9087-8A3E871BB92A}.Ad-Hoc|Any CPU.Build.0 = Release|x86
		{D508AA6D-8E7A-4387-9087-8A3E871BB92A}.Ad-Hoc|Any CPU.Deploy.0 = Release|x86
		{D508AA6D-8E7A-4387-9087-8A3E871BB92A}.Ad-Hoc|ARM.ActiveCfg = Release|ARM
		{D508AA6D-8E7A-4387-9087-8A3E871BB92A}.Ad-Hoc|ARM.Build.0 = Release|ARM
		{D508AA6D-8E7A-4387-9087-8A3E871BB92A}.Ad-Hoc|ARM.Deploy.0 = Release|ARM
		{D508AA6D-8E7A-4387-9087-8A3E871BB92A}.Ad-Hoc|iPhone.ActiveCfg = Release|x86
		{D508AA6D-8E7A-4387-9087-8A3E871BB92A}.Ad-Hoc|iPhone.Build.0 = Release|x86
		{D508AA6D-8E7A-4387-9087-8A3E871BB92A}.Ad-Hoc|iPhone.Deploy.0 = Release|x86
		{D508AA6D-8E7A-4387-9087-8A3E871BB92A}.Ad-Hoc|iPhoneSimulator.ActiveCfg = Release|x86
		{D508AA6D-8E7A-4387-9087-8A3E871BB92A}.Ad-Hoc|iPhoneSimulator.Build.0 = Release|x86
		{D508AA6D-8E7A-4387-9087-8A3E871BB92A}.Ad-Hoc|iPhoneSimulator.Deploy.0 = Release|x86
		{D508AA6D-8E7A-4387-9087-8A3E871BB92A}.Ad-Hoc|x64.ActiveCfg = Release|x64
		{D508AA6D-8E7A-4387-9087-8A3E871BB92A}.Ad-Hoc|x64.Build.0 = Release|x64
		{D508AA6D-8E7A-4387-9087-8A3E871BB92A}.Ad-Hoc|x64.Deploy.0 = Release|x64
		{D508AA6D-8E7A-4387-9087-8A3E871BB92A}.Ad-Hoc|x86.ActiveCfg = Release|x86
		{D508AA6D-8E7A-4387-9087-8A3E871BB92A}.Ad-Hoc|x86.Build.0 = Release|x86
		{D508AA6D-8E7A-4387-9087-8A3E871BB92A}.Ad-Hoc|x86.Deploy.0 = Release|x86
		{D508AA6D-8E7A-4387-9087-8A3E871BB92A}.AppStore|Any CPU.ActiveCfg = Release|x86
		{D508AA6D-8E7A-4387-9087-8A3E871BB92A}.AppStore|Any CPU.Build.0 = Release|x86
		{D508AA6D-8E7A-4387-9087-8A3E871BB92A}.AppStore|Any CPU.Deploy.0 = Release|x86
		{D508AA6D-8E7A-4387-9087-8A3E871BB92A}.AppStore|ARM.ActiveCfg = Release|ARM
		{D508AA6D-8E7A-4387-9087-8A3E871BB92A}.AppStore|ARM.Build.0 = Release|ARM
		{D508AA6D-8E7A-4387-9087-8A3E871BB92A}.AppStore|ARM.Deploy.0 = Release|ARM
		{D508AA6D-8E7A-4387-9087-8A3E871BB92A}.AppStore|iPhone.ActiveCfg = Release|x86
		{D508AA6D-8E7A-4387-9087-8A3E871BB92A}.AppStore|iPhone.Build.0 = Release|x86
		{D508AA6D-8E7A-4387-9087-8A3E871BB92A}.AppStore|iPhone.Deploy.0 = Release|x86
		{D508AA6D-8E7A-4387-9087-8A3E871BB92A}.AppStore|iPhoneSimulator.ActiveCfg = Release|x86
		{D508AA6D-8E7A-4387-9087-8A3E871BB92A}.AppStore|iPhoneSimulator.Build.0 = Release|x86
		{D508AA6D-8E7A-4387-9087-8A3E871BB92A}.AppStore|iPhoneSimulator.Deploy.0 = Release|x86
		{D508AA6D-8E7A-4387-9087-8A3E871BB92A}.AppStore|x64.ActiveCfg = Release|x64
		{D508AA6D-8E7A-4387-9087-8A3E871BB92A}.AppStore|x64.Build.0 = Release|x64
		{D508AA6D-8E7A-4387-9087-8A3E871BB92A}.AppStore|x64.Deploy.0 = Release|x64
		{D508AA6D-8E7A-4387-9087-8A3E871BB92A}.AppStore|x86.ActiveCfg = Release|x86
		{D508AA6D-8E7A-4387-9087-8A3E871BB92A}.AppStore|x86.Build.0 = Release|x86
		{D508AA6D-8E7A-4387-9087-8A3E871BB92A}.AppStore|x86.Deploy.0 = Release|x86
		{D508AA6D-8E7A-4387-9087-8A3E871BB92A}.Debug|Any CPU.ActiveCfg = Debug|x86
		{D508AA6D-8E7A-4387-9087-8A3E871BB92A}.Debug|Any CPU.Build.0 = Debug|x86
		{D508AA6D-8E7A-4387-9087-8A3E871BB92A}.Debug|Any CPU.Deploy.0 = Debug|x86
		{D508AA6D-8E7A-4387-9087-8A3E871BB92A}.Debug|ARM.ActiveCfg = Debug|ARM
		{D508AA6D-8E7A-4387-9087-8A3E871BB92A}.Debug|ARM.Build.0 = Debug|ARM
		{D508AA6D-8E7A-4387-9087-8A3E871BB92A}.Debug|ARM.Deploy.0 = Debug|ARM
		{D508AA6D-8E7A-4387-9087-8A3E871BB92A}.Debug|iPhone.ActiveCfg = Debug|x86
		{D508AA6D-8E7A-4387-9087-8A3E871BB92A}.Debug|iPhone.Build.0 = Debug|x86
		{D508AA6D-8E7A-4387-9087-8A3E871BB92A}.Debug|iPhone.Deploy.0 = Debug|x86
		{D508AA6D-8E7A-4387-9087-8A3E871BB92A}.Debug|iPhoneSimulator.ActiveCfg = Debug|x86
		{D508AA6D-8E7A-4387-9087-8A3E871BB92A}.Debug|iPhoneSimulator.Build.0 = Debug|x86
		{D508AA6D-8E7A-4387-9087-8A3E871BB92A}.Debug|iPhoneSimulator.Deploy.0 = Debug|x86
		{D508AA6D-8E7A-4387-9087-8A3E871BB92A}.Debug|x64.ActiveCfg = Debug|x64
		{D508AA6D-8E7A-4387-9087-8A3E871BB92A}.Debug|x64.Build.0 = Debug|x64
		{D508AA6D-8E7A-4387-9087-8A3E871BB92A}.Debug|x64.Deploy.0 = Debug|x64
		{D508AA6D-8E7A-4387-9087-8A3E871BB92A}.Debug|x86.ActiveCfg = Debug|x86
		{D508AA6D-8E7A-4387-9087-8A3E871BB92A}.Debug|x86.Build.0 = Debug|x86
		{D508AA6D-8E7A-4387-9087-8A3E871BB92A}.Debug|x86.Deploy.0 = Debug|x86
		{D508AA6D-8E7A-4387-9087-8A3E871BB92A}.Release|Any CPU.ActiveCfg = Release|x86
		{D508AA6D-8E7A-4387-9087-8A3E871BB92A}.Release|Any CPU.Build.0 = Release|x86
		{D508AA6D-8E7A-4387-9087-8A3E871BB92A}.Release|Any CPU.Deploy.0 = Release|x86
		{D508AA6D-8E7A-4387-9087-8A3E871BB92A}.Release|ARM.ActiveCfg = Release|ARM
		{D508AA6D-8E7A-4387-9087-8A3E871BB92A}.Release|ARM.Build.0 = Release|ARM
		{D508AA6D-8E7A-4387-9087-8A3E871BB92A}.Release|ARM.Deploy.0 = Release|ARM
		{D508AA6D-8E7A-4387-9087-8A3E871BB92A}.Release|iPhone.ActiveCfg = Release|x86
		{D508AA6D-8E7A-4387-9087-8A3E871BB92A}.Release|iPhone.Build.0 = Release|x86
		{D508AA6D-8E7A-4387-9087-8A3E871BB92A}.Release|iPhone.Deploy.0 = Release|x86
		{D508AA6D-8E7A-4387-9087-8A3E871BB92A}.Release|iPhoneSimulator.ActiveCfg = Release|x86
		{D508AA6D-8E7A-4387-9087-8A3E871BB92A}.Release|iPhoneSimulator.Build.0 = Release|x86
		{D508AA6D-8E7A-4387-9087-8A3E871BB92A}.Release|iPhoneSimulator.Deploy.0 = Release|x86
		{D508AA6D-8E7A-4387-9087-8A3E871BB92A}.Release|x64.ActiveCfg = Release|x64
		{D508AA6D-8E7A-4387-9087-8A3E871BB92A}.Release|x64.Build.0 = Release|x64
		{D508AA6D-8E7A-4387-9087-8A3E871BB92A}.Release|x64.Deploy.0 = Release|x64
		{D508AA6D-8E7A-4387-9087-8A3E871BB92A}.Release|x86.ActiveCfg = Release|x86
		{D508AA6D-8E7A-4387-9087-8A3E871BB92A}.Release|x86.Build.0 = Release|x86
		{D508AA6D-8E7A-4387-9087-8A3E871BB92A}.Release|x86.Deploy.0 = Release|x86
		{B3C65E7C-4365-454F-B67F-40A06F8D6093}.Ad-Hoc|Any CPU.ActiveCfg = Debug|Any CPU
		{B3C65E7C-4365-454F-B67F-40A06F8D6093}.Ad-Hoc|Any CPU.Build.0 = Debug|Any CPU
		{B3C65E7C-4365-454F-B67F-40A06F8D6093}.Ad-Hoc|Any CPU.Deploy.0 = Debug|Any CPU
		{B3C65E7C-4365-454F-B67F-40A06F8D6093}.Ad-Hoc|ARM.ActiveCfg = Debug|Any CPU
		{B3C65E7C-4365-454F-B67F-40A06F8D6093}.Ad-Hoc|ARM.Build.0 = Debug|Any CPU
		{B3C65E7C-4365-454F-B67F-40A06F8D6093}.Ad-Hoc|ARM.Deploy.0 = Debug|Any CPU
		{B3C65E7C-4365-454F-B67F-40A06F8D6093}.Ad-Hoc|iPhone.ActiveCfg = Debug|Any CPU
		{B3C65E7C-4365-454F-B67F-40A06F8D6093}.Ad-Hoc|iPhone.Build.0 = Debug|Any CPU
		{B3C65E7C-4365-454F-B67F-40A06F8D6093}.Ad-Hoc|iPhone.Deploy.0 = Debug|Any CPU
		{B3C65E7C-4365-454F-B67F-40A06F8D6093}.Ad-Hoc|iPhoneSimulator.ActiveCfg = Debug|Any CPU
		{B3C65E7C-4365-454F-B67F-40A06F8D6093}.Ad-Hoc|iPhoneSimulator.Build.0 = Debug|Any CPU
		{B3C65E7C-4365-454F-B67F-40A06F8D6093}.Ad-Hoc|iPhoneSimulator.Deploy.0 = Debug|Any CPU
		{B3C65E7C-4365-454F-B67F-40A06F8D6093}.Ad-Hoc|x64.ActiveCfg = Debug|Any CPU
		{B3C65E7C-4365-454F-B67F-40A06F8D6093}.Ad-Hoc|x64.Build.0 = Debug|Any CPU
		{B3C65E7C-4365-454F-B67F-40A06F8D6093}.Ad-Hoc|x64.Deploy.0 = Debug|Any CPU
		{B3C65E7C-4365-454F-B67F-40A06F8D6093}.Ad-Hoc|x86.ActiveCfg = Debug|Any CPU
		{B3C65E7C-4365-454F-B67F-40A06F8D6093}.Ad-Hoc|x86.Build.0 = Debug|Any CPU
		{B3C65E7C-4365-454F-B67F-40A06F8D6093}.Ad-Hoc|x86.Deploy.0 = Debug|Any CPU
		{B3C65E7C-4365-454F-B67F-40A06F8D6093}.AppStore|Any CPU.ActiveCfg = Debug|Any CPU
		{B3C65E7C-4365-454F-B67F-40A06F8D6093}.AppStore|Any CPU.Build.0 = Debug|Any CPU
		{B3C65E7C-4365-454F-B67F-40A06F8D6093}.AppStore|Any CPU.Deploy.0 = Debug|Any CPU
		{B3C65E7C-4365-454F-B67F-40A06F8D6093}.AppStore|ARM.ActiveCfg = Debug|Any CPU
		{B3C65E7C-4365-454F-B67F-40A06F8D6093}.AppStore|ARM.Build.0 = Debug|Any CPU
		{B3C65E7C-4365-454F-B67F-40A06F8D6093}.AppStore|ARM.Deploy.0 = Debug|Any CPU
		{B3C65E7C-4365-454F-B67F-40A06F8D6093}.AppStore|iPhone.ActiveCfg = Debug|Any CPU
		{B3C65E7C-4365-454F-B67F-40A06F8D6093}.AppStore|iPhone.Build.0 = Debug|Any CPU
		{B3C65E7C-4365-454F-B67F-40A06F8D6093}.AppStore|iPhone.Deploy.0 = Debug|Any CPU
		{B3C65E7C-4365-454F-B67F-40A06F8D6093}.AppStore|iPhoneSimulator.ActiveCfg = Debug|Any CPU
		{B3C65E7C-4365-454F-B67F-40A06F8D6093}.AppStore|iPhoneSimulator.Build.0 = Debug|Any CPU
		{B3C65E7C-4365-454F-B67F-40A06F8D6093}.AppStore|iPhoneSimulator.Deploy.0 = Debug|Any CPU
		{B3C65E7C-4365-454F-B67F-40A06F8D6093}.AppStore|x64.ActiveCfg = Debug|Any CPU
		{B3C65E7C-4365-454F-B67F-40A06F8D6093}.AppStore|x64.Build.0 = Debug|Any CPU
		{B3C65E7C-4365-454F-B67F-40A06F8D6093}.AppStore|x64.Deploy.0 = Debug|Any CPU
		{B3C65E7C-4365-454F-B67F-40A06F8D6093}.AppStore|x86.ActiveCfg = Debug|Any CPU
		{B3C65E7C-4365-454F-B67F-40A06F8D6093}.AppStore|x86.Build.0 = Debug|Any CPU
		{B3C65E7C-4365-454F-B67F-40A06F8D6093}.AppStore|x86.Deploy.0 = Debug|Any CPU
		{B3C65E7C-4365-454F-B67F-40A06F8D6093}.Debug|Any CPU.ActiveCfg = Debug|Any CPU
		{B3C65E7C-4365-454F-B67F-40A06F8D6093}.Debug|Any CPU.Build.0 = Debug|Any CPU
		{B3C65E7C-4365-454F-B67F-40A06F8D6093}.Debug|Any CPU.Deploy.0 = Debug|Any CPU
		{B3C65E7C-4365-454F-B67F-40A06F8D6093}.Debug|ARM.ActiveCfg = Debug|Any CPU
		{B3C65E7C-4365-454F-B67F-40A06F8D6093}.Debug|ARM.Build.0 = Debug|Any CPU
		{B3C65E7C-4365-454F-B67F-40A06F8D6093}.Debug|ARM.Deploy.0 = Debug|Any CPU
		{B3C65E7C-4365-454F-B67F-40A06F8D6093}.Debug|iPhone.ActiveCfg = Debug|Any CPU
		{B3C65E7C-4365-454F-B67F-40A06F8D6093}.Debug|iPhone.Build.0 = Debug|Any CPU
		{B3C65E7C-4365-454F-B67F-40A06F8D6093}.Debug|iPhone.Deploy.0 = Debug|Any CPU
		{B3C65E7C-4365-454F-B67F-40A06F8D6093}.Debug|iPhoneSimulator.ActiveCfg = Debug|Any CPU
		{B3C65E7C-4365-454F-B67F-40A06F8D6093}.Debug|iPhoneSimulator.Build.0 = Debug|Any CPU
		{B3C65E7C-4365-454F-B67F-40A06F8D6093}.Debug|iPhoneSimulator.Deploy.0 = Debug|Any CPU
		{B3C65E7C-4365-454F-B67F-40A06F8D6093}.Debug|x64.ActiveCfg = Debug|Any CPU
		{B3C65E7C-4365-454F-B67F-40A06F8D6093}.Debug|x64.Build.0 = Debug|Any CPU
		{B3C65E7C-4365-454F-B67F-40A06F8D6093}.Debug|x64.Deploy.0 = Debug|Any CPU
		{B3C65E7C-4365-454F-B67F-40A06F8D6093}.Debug|x86.ActiveCfg = Debug|Any CPU
		{B3C65E7C-4365-454F-B67F-40A06F8D6093}.Debug|x86.Build.0 = Debug|Any CPU
		{B3C65E7C-4365-454F-B67F-40A06F8D6093}.Debug|x86.Deploy.0 = Debug|Any CPU
		{B3C65E7C-4365-454F-B67F-40A06F8D6093}.Release|Any CPU.ActiveCfg = Release|Any CPU
		{B3C65E7C-4365-454F-B67F-40A06F8D6093}.Release|Any CPU.Build.0 = Release|Any CPU
		{B3C65E7C-4365-454F-B67F-40A06F8D6093}.Release|Any CPU.Deploy.0 = Release|Any CPU
		{B3C65E7C-4365-454F-B67F-40A06F8D6093}.Release|ARM.ActiveCfg = Release|Any CPU
		{B3C65E7C-4365-454F-B67F-40A06F8D6093}.Release|ARM.Build.0 = Release|Any CPU
		{B3C65E7C-4365-454F-B67F-40A06F8D6093}.Release|ARM.Deploy.0 = Release|Any CPU
		{B3C65E7C-4365-454F-B67F-40A06F8D6093}.Release|iPhone.ActiveCfg = Release|Any CPU
		{B3C65E7C-4365-454F-B67F-40A06F8D6093}.Release|iPhone.Build.0 = Release|Any CPU
		{B3C65E7C-4365-454F-B67F-40A06F8D6093}.Release|iPhone.Deploy.0 = Release|Any CPU
		{B3C65E7C-4365-454F-B67F-40A06F8D6093}.Release|iPhoneSimulator.ActiveCfg = Release|Any CPU
		{B3C65E7C-4365-454F-B67F-40A06F8D6093}.Release|iPhoneSimulator.Build.0 = Release|Any CPU
		{B3C65E7C-4365-454F-B67F-40A06F8D6093}.Release|iPhoneSimulator.Deploy.0 = Release|Any CPU
		{B3C65E7C-4365-454F-B67F-40A06F8D6093}.Release|x64.ActiveCfg = Release|Any CPU
		{B3C65E7C-4365-454F-B67F-40A06F8D6093}.Release|x64.Build.0 = Release|Any CPU
		{B3C65E7C-4365-454F-B67F-40A06F8D6093}.Release|x64.Deploy.0 = Release|Any CPU
		{B3C65E7C-4365-454F-B67F-40A06F8D6093}.Release|x86.ActiveCfg = Release|Any CPU
		{B3C65E7C-4365-454F-B67F-40A06F8D6093}.Release|x86.Build.0 = Release|Any CPU
		{B3C65E7C-4365-454F-B67F-40A06F8D6093}.Release|x86.Deploy.0 = Release|Any CPU
	EndGlobalSection
	GlobalSection(SolutionProperties) = preSolution
		HideSolutionNode = FALSE
	EndGlobalSection
	GlobalSection(ExtensibilityGlobals) = postSolution
		SolutionGuid = {E70DCD86-541D-4763-AEEA-D3843D2E1C77}
	EndGlobalSection
EndGlobal
